{
  "version": 4,
  "terraform_version": "0.15.1",
  "serial": 3,
  "lineage": "6eabad07-a1b6-dcc2-9726-918a46bfdc03",
  "outputs": {},
  "resources": [
    {
      "mode": "managed",
      "type": "aws_s3_bucket",
      "name": "mys3",
      "provider": "provider[\"registry.terraform.io/hashicorp/aws\"]",
      "instances": [
        {
          "schema_version": 0,
          "attributes": {
            "acceleration_status": "",
            "acl": "private",
            "arn": "arn:aws:s3:::dvsbatch1-32757",
            "bucket": "dvsbatch1-32757",
            "bucket_domain_name": "dvsbatch1-32757.s3.amazonaws.com",
            "bucket_prefix": null,
            "bucket_regional_domain_name": "dvsbatch1-32757.s3.amazonaws.com",
            "cors_rule": [],
            "force_destroy": false,
            "grant": [],
            "hosted_zone_id": "Z3AQBSTGFYJSTF",
            "id": "dvsbatch1-32757",
            "lifecycle_rule": [],
            "logging": [],
            "object_lock_configuration": [],
            "policy": null,
            "region": "us-east-1",
            "replication_configuration": [],
            "request_payer": "BucketOwner",
            "server_side_encryption_configuration": [],
            "tags": {
              "Name": "dvsbatch1-32757"
            },
            "tags_all": {
              "Name": "dvsbatch1-32757"
            },
            "versioning": [
              {
                "enabled": false,
                "mfa_delete": false
              }
            ],
            "website": [],
            "website_domain": null,
            "website_endpoint": null
          },
          "sensitive_attributes": [],
          "private": "bnVsbA==",
          "dependencies": [
            "random_id.myrandomid"
          ]
        }
      ]
    },
    {
      "mode": "managed",
      "type": "random_id",
      "name": "myrandomid",
      "provider": "provider[\"registry.terraform.io/hashicorp/random\"]",
      "instances": [
        {
          "schema_version": 0,
          "attributes": {
            "b64_std": "f/U=",
            "b64_url": "f_U",
            "byte_length": 2,
            "dec": "32757",
            "hex": "7ff5",
            "id": "f_U",
            "keepers": null,
            "prefix": null
          },
          "sensitive_attributes": [],
          "private": "bnVsbA=="
        }
      ]
    }
  ]
}
