{
    "version": 3,
    "terraform_version": "0.11.13",
    "serial": 16,
    "lineage": "f13e9b9e-c887-08f6-c12b-9c803bae4432",
    "modules": [
        {
            "path": [
                "root"
            ],
            "outputs": {
                "mys3bucketname": {
                    "sensitive": false,
                    "type": "string",
                    "value": "mys3-bucket-20772"
                },
                "myservername": {
                    "sensitive": false,
                    "type": "string",
                    "value": "PubServer"
                },
                "mysgid": {
                    "sensitive": false,
                    "type": "string",
                    "value": "sg-0e1d380cb75f60d17"
                },
                "mysubnetid": {
                    "sensitive": false,
                    "type": "string",
                    "value": "subnet-07acdb0fd65f121a4"
                },
                "myvpcname": {
                    "sensitive": false,
                    "type": "string",
                    "value": "myvpc"
                },
                "publicip": {
                    "sensitive": false,
                    "type": "string",
                    "value": "50.17.27.5"
                }
            },
            "resources": {
                "aws_instance.myserver": {
                    "type": "aws_instance",
                    "depends_on": [
                        "aws_security_group.mysecgroup",
                        "aws_subnet.mypubsubnet"
                    ],
                    "primary": {
                        "id": "i-0c1247def6259fd82",
                        "attributes": {
                            "ami": "ami-0a887e401f7654935",
                            "arn": "arn:aws:ec2:us-east-1:487647534392:instance/i-0c1247def6259fd82",
                            "associate_public_ip_address": "true",
                            "availability_zone": "us-east-1a",
                            "cpu_core_count": "1",
                            "cpu_threads_per_core": "1",
                            "credit_specification.#": "1",
                            "credit_specification.0.cpu_credits": "standard",
                            "disable_api_termination": "false",
                            "ebs_block_device.#": "0",
                            "ebs_optimized": "false",
                            "ephemeral_block_device.#": "0",
                            "get_password_data": "false",
                            "hibernation": "false",
                            "iam_instance_profile": "",
                            "id": "i-0c1247def6259fd82",
                            "instance_state": "running",
                            "instance_type": "t2.micro",
                            "ipv6_address_count": "0",
                            "ipv6_addresses.#": "0",
                            "key_name": "rajukey_nvirginia",
                            "monitoring": "false",
                            "network_interface.#": "0",
                            "password_data": "",
                            "placement_group": "",
                            "primary_network_interface_id": "eni-068ea8c0b11b88728",
                            "private_dns": "ip-192-166-10-225.ec2.internal",
                            "private_ip": "192.166.10.225",
                            "public_dns": "ec2-50-17-27-5.compute-1.amazonaws.com",
                            "public_ip": "50.17.27.5",
                            "root_block_device.#": "1",
                            "root_block_device.0.delete_on_termination": "true",
                            "root_block_device.0.encrypted": "false",
                            "root_block_device.0.iops": "100",
                            "root_block_device.0.kms_key_id": "",
                            "root_block_device.0.volume_id": "vol-0687ef15d66d25902",
                            "root_block_device.0.volume_size": "8",
                            "root_block_device.0.volume_type": "gp2",
                            "security_groups.#": "0",
                            "source_dest_check": "true",
                            "subnet_id": "subnet-07acdb0fd65f121a4",
                            "tags.%": "1",
                            "tags.Name": "PubServer",
                            "tenancy": "default",
                            "volume_tags.%": "0",
                            "vpc_security_group_ids.#": "1",
                            "vpc_security_group_ids.4128620168": "sg-0e1d380cb75f60d17"
                        },
                        "meta": {
                            "e2bfb730-ecaa-11e6-8f88-34363bc7c4c0": {
                                "create": 600000000000,
                                "delete": 1200000000000,
                                "update": 600000000000
                            },
                            "schema_version": "1"
                        },
                        "tainted": false
                    },
                    "deposed": [],
                    "provider": "provider.aws"
                },
                "aws_internet_gateway.myigw": {
                    "type": "aws_internet_gateway",
                    "depends_on": [
                        "aws_vpc.myvpc"
                    ],
                    "primary": {
                        "id": "igw-0a823202935876c75",
                        "attributes": {
                            "id": "igw-0a823202935876c75",
                            "owner_id": "487647534392",
                            "tags.%": "1",
                            "tags.Name": "myigw",
                            "vpc_id": "vpc-0ffa99727cf38be73"
                        },
                        "meta": {},
                        "tainted": false
                    },
                    "deposed": [],
                    "provider": "provider.aws"
                },
                "aws_route_table.myroute": {
                    "type": "aws_route_table",
                    "depends_on": [
                        "aws_internet_gateway.myigw",
                        "aws_vpc.myvpc"
                    ],
                    "primary": {
                        "id": "rtb-0b442d09ddbb25a61",
                        "attributes": {
                            "id": "rtb-0b442d09ddbb25a61",
                            "owner_id": "487647534392",
                            "propagating_vgws.#": "0",
                            "route.#": "1",
                            "route.99312637.cidr_block": "0.0.0.0/0",
                            "route.99312637.egress_only_gateway_id": "",
                            "route.99312637.gateway_id": "igw-0a823202935876c75",
                            "route.99312637.instance_id": "",
                            "route.99312637.ipv6_cidr_block": "",
                            "route.99312637.nat_gateway_id": "",
                            "route.99312637.network_interface_id": "",
                            "route.99312637.transit_gateway_id": "",
                            "route.99312637.vpc_peering_connection_id": "",
                            "tags.%": "1",
                            "tags.Name": "myroute",
                            "vpc_id": "vpc-0ffa99727cf38be73"
                        },
                        "meta": {},
                        "tainted": false
                    },
                    "deposed": [],
                    "provider": "provider.aws"
                },
                "aws_route_table_association.myrouteassociation": {
                    "type": "aws_route_table_association",
                    "depends_on": [
                        "aws_route_table.myroute",
                        "aws_subnet.mypubsubnet"
                    ],
                    "primary": {
                        "id": "rtbassoc-0cb700841557560d9",
                        "attributes": {
                            "id": "rtbassoc-0cb700841557560d9",
                            "route_table_id": "rtb-0b442d09ddbb25a61",
                            "subnet_id": "subnet-07acdb0fd65f121a4"
                        },
                        "meta": {},
                        "tainted": false
                    },
                    "deposed": [],
                    "provider": "provider.aws"
                },
                "aws_s3_bucket.mys3bucket": {
                    "type": "aws_s3_bucket",
                    "depends_on": [
                        "random_id.myrandomid"
                    ],
                    "primary": {
                        "id": "mys3-bucket-20772",
                        "attributes": {
                            "acceleration_status": "",
                            "acl": "private",
                            "arn": "arn:aws:s3:::mys3-bucket-20772",
                            "bucket": "mys3-bucket-20772",
                            "bucket_domain_name": "mys3-bucket-20772.s3.amazonaws.com",
                            "bucket_regional_domain_name": "mys3-bucket-20772.s3.amazonaws.com",
                            "cors_rule.#": "0",
                            "force_destroy": "true",
                            "hosted_zone_id": "Z3AQBSTGFYJSTF",
                            "id": "mys3-bucket-20772",
                            "lifecycle_rule.#": "0",
                            "logging.#": "0",
                            "object_lock_configuration.#": "0",
                            "region": "us-east-1",
                            "replication_configuration.#": "0",
                            "request_payer": "BucketOwner",
                            "server_side_encryption_configuration.#": "0",
                            "tags.%": "1",
                            "tags.Name": "mys3-bucket-20772",
                            "versioning.#": "1",
                            "versioning.0.enabled": "false",
                            "versioning.0.mfa_delete": "false",
                            "website.#": "0"
                        },
                        "meta": {},
                        "tainted": false
                    },
                    "deposed": [],
                    "provider": "provider.aws"
                },
                "aws_security_group.mysecgroup": {
                    "type": "aws_security_group",
                    "depends_on": [
                        "aws_vpc.myvpc"
                    ],
                    "primary": {
                        "id": "sg-0e1d380cb75f60d17",
                        "attributes": {
                            "arn": "arn:aws:ec2:us-east-1:487647534392:security-group/sg-0e1d380cb75f60d17",
                            "description": "Managed by Terraform",
                            "egress.#": "1",
                            "egress.482069346.cidr_blocks.#": "1",
                            "egress.482069346.cidr_blocks.0": "0.0.0.0/0",
                            "egress.482069346.description": "",
                            "egress.482069346.from_port": "0",
                            "egress.482069346.ipv6_cidr_blocks.#": "0",
                            "egress.482069346.prefix_list_ids.#": "0",
                            "egress.482069346.protocol": "-1",
                            "egress.482069346.security_groups.#": "0",
                            "egress.482069346.self": "false",
                            "egress.482069346.to_port": "0",
                            "id": "sg-0e1d380cb75f60d17",
                            "ingress.#": "1",
                            "ingress.482069346.cidr_blocks.#": "1",
                            "ingress.482069346.cidr_blocks.0": "0.0.0.0/0",
                            "ingress.482069346.description": "",
                            "ingress.482069346.from_port": "0",
                            "ingress.482069346.ipv6_cidr_blocks.#": "0",
                            "ingress.482069346.prefix_list_ids.#": "0",
                            "ingress.482069346.protocol": "-1",
                            "ingress.482069346.security_groups.#": "0",
                            "ingress.482069346.self": "false",
                            "ingress.482069346.to_port": "0",
                            "name": "terraform-20200223050505484700000001",
                            "owner_id": "487647534392",
                            "revoke_rules_on_delete": "false",
                            "tags.%": "1",
                            "tags.Name": "mysecgroup",
                            "vpc_id": "vpc-0ffa99727cf38be73"
                        },
                        "meta": {
                            "e2bfb730-ecaa-11e6-8f88-34363bc7c4c0": {
                                "create": 600000000000,
                                "delete": 600000000000
                            },
                            "schema_version": "1"
                        },
                        "tainted": false
                    },
                    "deposed": [],
                    "provider": "provider.aws"
                },
                "aws_subnet.mypubsubnet": {
                    "type": "aws_subnet",
                    "depends_on": [
                        "aws_vpc.myvpc"
                    ],
                    "primary": {
                        "id": "subnet-07acdb0fd65f121a4",
                        "attributes": {
                            "arn": "arn:aws:ec2:us-east-1:487647534392:subnet/subnet-07acdb0fd65f121a4",
                            "assign_ipv6_address_on_creation": "false",
                            "availability_zone": "us-east-1a",
                            "availability_zone_id": "use1-az4",
                            "cidr_block": "192.166.10.0/24",
                            "id": "subnet-07acdb0fd65f121a4",
                            "ipv6_cidr_block": "",
                            "ipv6_cidr_block_association_id": "",
                            "map_public_ip_on_launch": "true",
                            "owner_id": "487647534392",
                            "tags.%": "1",
                            "tags.Name": "mypubsubnet",
                            "vpc_id": "vpc-0ffa99727cf38be73"
                        },
                        "meta": {
                            "e2bfb730-ecaa-11e6-8f88-34363bc7c4c0": {
                                "create": 600000000000,
                                "delete": 1200000000000
                            },
                            "schema_version": "1"
                        },
                        "tainted": false
                    },
                    "deposed": [],
                    "provider": "provider.aws"
                },
                "aws_vpc.myvpc": {
                    "type": "aws_vpc",
                    "depends_on": [],
                    "primary": {
                        "id": "vpc-0ffa99727cf38be73",
                        "attributes": {
                            "arn": "arn:aws:ec2:us-east-1:487647534392:vpc/vpc-0ffa99727cf38be73",
                            "assign_generated_ipv6_cidr_block": "false",
                            "cidr_block": "192.166.0.0/16",
                            "default_network_acl_id": "acl-092f280b529bceb53",
                            "default_route_table_id": "rtb-07358a2360d886916",
                            "default_security_group_id": "sg-01c48709c3b7b0bc0",
                            "dhcp_options_id": "dopt-f6f7358c",
                            "enable_classiclink": "false",
                            "enable_classiclink_dns_support": "false",
                            "enable_dns_hostnames": "true",
                            "enable_dns_support": "true",
                            "id": "vpc-0ffa99727cf38be73",
                            "instance_tenancy": "default",
                            "ipv6_association_id": "",
                            "ipv6_cidr_block": "",
                            "main_route_table_id": "rtb-07358a2360d886916",
                            "owner_id": "487647534392",
                            "tags.%": "1",
                            "tags.Name": "myvpc"
                        },
                        "meta": {
                            "schema_version": "1"
                        },
                        "tainted": false
                    },
                    "deposed": [],
                    "provider": "provider.aws"
                },
                "random_id.myrandomid": {
                    "type": "random_id",
                    "depends_on": [],
                    "primary": {
                        "id": "USQ",
                        "attributes": {
                            "b64": "USQ",
                            "b64_std": "USQ=",
                            "b64_url": "USQ",
                            "byte_length": "2",
                            "dec": "20772",
                            "hex": "5124",
                            "id": "USQ"
                        },
                        "meta": {},
                        "tainted": false
                    },
                    "deposed": [],
                    "provider": "provider.random"
                }
            },
            "depends_on": []
        }
    ]
}
