{
    "version": 3,
    "terraform_version": "0.11.13",
    "serial": 5,
    "lineage": "4f9ddc0d-209c-82eb-be49-f37392281531",
    "modules": [
        {
            "path": [
                "root"
            ],
            "outputs": {
                "myservername": {
                    "sensitive": false,
                    "type": "string",
                    "value": "PubServer"
                },
                "publicip": {
                    "sensitive": false,
                    "type": "string",
                    "value": "54.242.99.254"
                }
            },
            "resources": {
                "aws_instance.myserver": {
                    "type": "aws_instance",
                    "depends_on": [],
                    "primary": {
                        "id": "i-02708ed490c6f15eb",
                        "attributes": {
                            "ami": "ami-0a887e401f7654935",
                            "arn": "arn:aws:ec2:us-east-1:487647534392:instance/i-02708ed490c6f15eb",
                            "associate_public_ip_address": "true",
                            "availability_zone": "us-east-1a",
                            "cpu_core_count": "1",
                            "cpu_threads_per_core": "1",
                            "credit_specification.#": "1",
                            "credit_specification.0.cpu_credits": "standard",
                            "disable_api_termination": "false",
                            "ebs_block_device.#": "0",
                            "ebs_optimized": "false",
                            "ephemeral_block_device.#": "0",
                            "get_password_data": "false",
                            "hibernation": "false",
                            "iam_instance_profile": "",
                            "id": "i-02708ed490c6f15eb",
                            "instance_state": "shutting-down",
                            "instance_type": "t2.micro",
                            "ipv6_address_count": "0",
                            "ipv6_addresses.#": "0",
                            "key_name": "rajukey_nvirginia",
                            "monitoring": "false",
                            "network_interface.#": "0",
                            "password_data": "",
                            "placement_group": "",
                            "primary_network_interface_id": "eni-0837cebdb6e169894",
                            "private_dns": "ip-10-124-10-69.ec2.internal",
                            "private_ip": "10.124.10.69",
                            "public_dns": "ec2-54-242-99-254.compute-1.amazonaws.com",
                            "public_ip": "54.242.99.254",
                            "root_block_device.#": "1",
                            "root_block_device.0.delete_on_termination": "true",
                            "root_block_device.0.encrypted": "false",
                            "root_block_device.0.iops": "100",
                            "root_block_device.0.kms_key_id": "",
                            "root_block_device.0.volume_id": "vol-05713eff4b5623479",
                            "root_block_device.0.volume_size": "8",
                            "root_block_device.0.volume_type": "gp2",
                            "security_groups.#": "0",
                            "source_dest_check": "true",
                            "subnet_id": "subnet-0dc6a94c335892cc4",
                            "tags.%": "1",
                            "tags.Name": "PubServer",
                            "tenancy": "default",
                            "volume_tags.%": "0",
                            "vpc_security_group_ids.#": "1",
                            "vpc_security_group_ids.517601757": "sg-072e9a10d37a8d83d"
                        },
                        "meta": {
                            "e2bfb730-ecaa-11e6-8f88-34363bc7c4c0": {
                                "create": 600000000000,
                                "delete": 1200000000000,
                                "update": 600000000000
                            },
                            "schema_version": "1"
                        },
                        "tainted": false
                    },
                    "deposed": [],
                    "provider": "provider.aws"
                }
            },
            "depends_on": []
        }
    ]
}
