{
    "version": 3,
    "terraform_version": "0.11.13",
    "serial": 2,
    "lineage": "c3414013-ff9f-9d42-3247-51eca11fb1fe",
    "modules": [
        {
            "path": [
                "root"
            ],
            "outputs": {
                "mys3bucketname": {
                    "sensitive": false,
                    "type": "string",
                    "value": "mys3-bucket-3223"
                }
            },
            "resources": {
                "aws_s3_bucket.mys3bucket": {
                    "type": "aws_s3_bucket",
                    "depends_on": [
                        "random_id.myrandomid"
                    ],
                    "primary": {
                        "id": "mys3-bucket-3223",
                        "attributes": {
                            "acceleration_status": "",
                            "acl": "private",
                            "arn": "arn:aws:s3:::mys3-bucket-3223",
                            "bucket": "mys3-bucket-3223",
                            "bucket_domain_name": "mys3-bucket-3223.s3.amazonaws.com",
                            "bucket_regional_domain_name": "mys3-bucket-3223.s3.amazonaws.com",
                            "cors_rule.#": "0",
                            "force_destroy": "true",
                            "hosted_zone_id": "Z3AQBSTGFYJSTF",
                            "id": "mys3-bucket-3223",
                            "lifecycle_rule.#": "0",
                            "logging.#": "0",
                            "object_lock_configuration.#": "0",
                            "region": "us-east-1",
                            "replication_configuration.#": "0",
                            "request_payer": "BucketOwner",
                            "server_side_encryption_configuration.#": "0",
                            "tags.%": "1",
                            "tags.Name": "mys3-bucket-3223",
                            "versioning.#": "1",
                            "versioning.0.enabled": "false",
                            "versioning.0.mfa_delete": "false",
                            "website.#": "0"
                        },
                        "meta": {},
                        "tainted": false
                    },
                    "deposed": [],
                    "provider": "provider.aws"
                },
                "random_id.myrandomid": {
                    "type": "random_id",
                    "depends_on": [],
                    "primary": {
                        "id": "DJc",
                        "attributes": {
                            "b64": "DJc",
                            "b64_std": "DJc=",
                            "b64_url": "DJc",
                            "byte_length": "2",
                            "dec": "3223",
                            "hex": "0c97",
                            "id": "DJc"
                        },
                        "meta": {},
                        "tainted": false
                    },
                    "deposed": [],
                    "provider": "provider.random"
                }
            },
            "depends_on": []
        }
    ]
}
