{
  "version": 4,
  "terraform_version": "0.15.1",
  "serial": 6,
  "lineage": "95b20433-0e3e-8e71-b54f-575560045246",
  "outputs": {},
  "resources": [
    {
      "mode": "managed",
      "type": "aws_internet_gateway",
      "name": "myigw",
      "provider": "provider[\"registry.terraform.io/hashicorp/aws\"]",
      "instances": [
        {
          "schema_version": 0,
          "attributes": {
            "arn": "arn:aws:ec2:us-east-1:140770401787:internet-gateway/igw-0d444eb222bc4209c",
            "id": "igw-0d444eb222bc4209c",
            "owner_id": "140770401787",
            "tags": {
              "Name": "dvs-igw"
            },
            "tags_all": {
              "Name": "dvs-igw"
            },
            "vpc_id": "vpc-0a1b040629f389669"
          },
          "sensitive_attributes": [],
          "private": "bnVsbA==",
          "dependencies": [
            "aws_vpc.myvpc"
          ]
        }
      ]
    },
    {
      "mode": "managed",
      "type": "aws_route_table",
      "name": "myroute",
      "provider": "provider[\"registry.terraform.io/hashicorp/aws\"]",
      "instances": [
        {
          "schema_version": 0,
          "attributes": {
            "arn": "arn:aws:ec2:us-east-1:140770401787:route-table/rtb-0eb38a5052acf2347",
            "id": "rtb-0eb38a5052acf2347",
            "owner_id": "140770401787",
            "propagating_vgws": [],
            "route": [
              {
                "carrier_gateway_id": "",
                "cidr_block": "0.0.0.0/0",
                "destination_prefix_list_id": "",
                "egress_only_gateway_id": "",
                "gateway_id": "igw-0d444eb222bc4209c",
                "instance_id": "",
                "ipv6_cidr_block": "",
                "local_gateway_id": "",
                "nat_gateway_id": "",
                "network_interface_id": "",
                "transit_gateway_id": "",
                "vpc_endpoint_id": "",
                "vpc_peering_connection_id": ""
              }
            ],
            "tags": {
              "Name": "dvs-route"
            },
            "tags_all": {
              "Name": "dvs-route"
            },
            "vpc_id": "vpc-0a1b040629f389669"
          },
          "sensitive_attributes": [],
          "private": "bnVsbA==",
          "dependencies": [
            "aws_internet_gateway.myigw",
            "aws_vpc.myvpc"
          ]
        }
      ]
    },
    {
      "mode": "managed",
      "type": "aws_route_table_association",
      "name": "myassoc",
      "provider": "provider[\"registry.terraform.io/hashicorp/aws\"]",
      "instances": [
        {
          "schema_version": 0,
          "attributes": {
            "gateway_id": null,
            "id": "rtbassoc-0210ecb76f70486d3",
            "route_table_id": "rtb-0eb38a5052acf2347",
            "subnet_id": "subnet-0e822dd1b3ce23d04"
          },
          "sensitive_attributes": [],
          "private": "bnVsbA==",
          "dependencies": [
            "aws_internet_gateway.myigw",
            "aws_route_table.myroute",
            "aws_subnet.mysub",
            "aws_vpc.myvpc"
          ]
        }
      ]
    },
    {
      "mode": "managed",
      "type": "aws_subnet",
      "name": "mysub",
      "provider": "provider[\"registry.terraform.io/hashicorp/aws\"]",
      "instances": [
        {
          "schema_version": 1,
          "attributes": {
            "arn": "arn:aws:ec2:us-east-1:140770401787:subnet/subnet-0e822dd1b3ce23d04",
            "assign_ipv6_address_on_creation": false,
            "availability_zone": "us-east-1f",
            "availability_zone_id": "use1-az5",
            "cidr_block": "192.168.10.0/24",
            "customer_owned_ipv4_pool": "",
            "id": "subnet-0e822dd1b3ce23d04",
            "ipv6_cidr_block": "",
            "ipv6_cidr_block_association_id": "",
            "map_customer_owned_ip_on_launch": false,
            "map_public_ip_on_launch": false,
            "outpost_arn": "",
            "owner_id": "140770401787",
            "tags": {
              "Name": "dvs-sub"
            },
            "tags_all": {
              "Name": "dvs-sub"
            },
            "timeouts": null,
            "vpc_id": "vpc-0a1b040629f389669"
          },
          "sensitive_attributes": [],
          "private": "eyJlMmJmYjczMC1lY2FhLTExZTYtOGY4OC0zNDM2M2JjN2M0YzAiOnsiY3JlYXRlIjo2MDAwMDAwMDAwMDAsImRlbGV0ZSI6MTIwMDAwMDAwMDAwMH0sInNjaGVtYV92ZXJzaW9uIjoiMSJ9",
          "dependencies": [
            "aws_vpc.myvpc"
          ]
        }
      ]
    },
    {
      "mode": "managed",
      "type": "aws_vpc",
      "name": "myvpc",
      "provider": "provider[\"registry.terraform.io/hashicorp/aws\"]",
      "instances": [
        {
          "schema_version": 1,
          "attributes": {
            "arn": "arn:aws:ec2:us-east-1:140770401787:vpc/vpc-0a1b040629f389669",
            "assign_generated_ipv6_cidr_block": false,
            "cidr_block": "192.168.0.0/16",
            "default_network_acl_id": "acl-0e7ab67b4a2fd9468",
            "default_route_table_id": "rtb-046a043e527e29a36",
            "default_security_group_id": "sg-0798542903270c927",
            "dhcp_options_id": "dopt-b292c3c8",
            "enable_classiclink": false,
            "enable_classiclink_dns_support": false,
            "enable_dns_hostnames": false,
            "enable_dns_support": true,
            "id": "vpc-0a1b040629f389669",
            "instance_tenancy": "default",
            "ipv6_association_id": "",
            "ipv6_cidr_block": "",
            "main_route_table_id": "rtb-046a043e527e29a36",
            "owner_id": "140770401787",
            "tags": {
              "Name": "dvs-batch1"
            },
            "tags_all": {
              "Name": "dvs-batch1"
            }
          },
          "sensitive_attributes": [],
          "private": "eyJzY2hlbWFfdmVyc2lvbiI6IjEifQ=="
        }
      ]
    }
  ]
}
