{
    "version": 3,
    "terraform_version": "0.11.13",
    "serial": 2,
    "lineage": "e53c3909-ce11-6909-0225-f45897bcdbcf",
    "modules": [
        {
            "path": [
                "root"
            ],
            "outputs": {
                "mysgid": {
                    "sensitive": false,
                    "type": "string",
                    "value": "sg-0ac7356a52a5c40c4"
                },
                "mysubnetid": {
                    "sensitive": false,
                    "type": "string",
                    "value": "subnet-00424c09f25a8d544"
                },
                "myvpcname": {
                    "sensitive": false,
                    "type": "string",
                    "value": "myvpc"
                }
            },
            "resources": {
                "aws_internet_gateway.myigw": {
                    "type": "aws_internet_gateway",
                    "depends_on": [
                        "aws_vpc.myvpc"
                    ],
                    "primary": {
                        "id": "igw-01e739535a3a9f47a",
                        "attributes": {
                            "id": "igw-01e739535a3a9f47a",
                            "owner_id": "487647534392",
                            "tags.%": "1",
                            "tags.Name": "myigw",
                            "vpc_id": "vpc-0ae904587d84d99a1"
                        },
                        "meta": {},
                        "tainted": false
                    },
                    "deposed": [],
                    "provider": "provider.aws"
                },
                "aws_route_table.myroute": {
                    "type": "aws_route_table",
                    "depends_on": [
                        "aws_internet_gateway.myigw",
                        "aws_vpc.myvpc"
                    ],
                    "primary": {
                        "id": "rtb-038791a249653c0c0",
                        "attributes": {
                            "id": "rtb-038791a249653c0c0",
                            "owner_id": "487647534392",
                            "propagating_vgws.#": "0",
                            "route.#": "1",
                            "route.946039833.cidr_block": "0.0.0.0/0",
                            "route.946039833.egress_only_gateway_id": "",
                            "route.946039833.gateway_id": "igw-01e739535a3a9f47a",
                            "route.946039833.instance_id": "",
                            "route.946039833.ipv6_cidr_block": "",
                            "route.946039833.nat_gateway_id": "",
                            "route.946039833.network_interface_id": "",
                            "route.946039833.transit_gateway_id": "",
                            "route.946039833.vpc_peering_connection_id": "",
                            "tags.%": "1",
                            "tags.Name": "myroute",
                            "vpc_id": "vpc-0ae904587d84d99a1"
                        },
                        "meta": {},
                        "tainted": false
                    },
                    "deposed": [],
                    "provider": "provider.aws"
                },
                "aws_route_table_association.myrouteassociation": {
                    "type": "aws_route_table_association",
                    "depends_on": [
                        "aws_route_table.myroute",
                        "aws_subnet.mypubsubnet"
                    ],
                    "primary": {
                        "id": "rtbassoc-0b58a56676d6200ba",
                        "attributes": {
                            "id": "rtbassoc-0b58a56676d6200ba",
                            "route_table_id": "rtb-038791a249653c0c0",
                            "subnet_id": "subnet-00424c09f25a8d544"
                        },
                        "meta": {},
                        "tainted": false
                    },
                    "deposed": [],
                    "provider": "provider.aws"
                },
                "aws_security_group.mysecgroup": {
                    "type": "aws_security_group",
                    "depends_on": [
                        "aws_vpc.myvpc"
                    ],
                    "primary": {
                        "id": "sg-0ac7356a52a5c40c4",
                        "attributes": {
                            "arn": "arn:aws:ec2:us-east-1:487647534392:security-group/sg-0ac7356a52a5c40c4",
                            "description": "Managed by Terraform",
                            "egress.#": "1",
                            "egress.482069346.cidr_blocks.#": "1",
                            "egress.482069346.cidr_blocks.0": "0.0.0.0/0",
                            "egress.482069346.description": "",
                            "egress.482069346.from_port": "0",
                            "egress.482069346.ipv6_cidr_blocks.#": "0",
                            "egress.482069346.prefix_list_ids.#": "0",
                            "egress.482069346.protocol": "-1",
                            "egress.482069346.security_groups.#": "0",
                            "egress.482069346.self": "false",
                            "egress.482069346.to_port": "0",
                            "id": "sg-0ac7356a52a5c40c4",
                            "ingress.#": "1",
                            "ingress.482069346.cidr_blocks.#": "1",
                            "ingress.482069346.cidr_blocks.0": "0.0.0.0/0",
                            "ingress.482069346.description": "",
                            "ingress.482069346.from_port": "0",
                            "ingress.482069346.ipv6_cidr_blocks.#": "0",
                            "ingress.482069346.prefix_list_ids.#": "0",
                            "ingress.482069346.protocol": "-1",
                            "ingress.482069346.security_groups.#": "0",
                            "ingress.482069346.self": "false",
                            "ingress.482069346.to_port": "0",
                            "name": "terraform-20200223061450120000000001",
                            "owner_id": "487647534392",
                            "revoke_rules_on_delete": "false",
                            "tags.%": "1",
                            "tags.Name": "mysecgroup",
                            "vpc_id": "vpc-0ae904587d84d99a1"
                        },
                        "meta": {
                            "e2bfb730-ecaa-11e6-8f88-34363bc7c4c0": {
                                "create": 600000000000,
                                "delete": 600000000000
                            },
                            "schema_version": "1"
                        },
                        "tainted": false
                    },
                    "deposed": [],
                    "provider": "provider.aws"
                },
                "aws_subnet.mypubsubnet": {
                    "type": "aws_subnet",
                    "depends_on": [
                        "aws_vpc.myvpc"
                    ],
                    "primary": {
                        "id": "subnet-00424c09f25a8d544",
                        "attributes": {
                            "arn": "arn:aws:ec2:us-east-1:487647534392:subnet/subnet-00424c09f25a8d544",
                            "assign_ipv6_address_on_creation": "false",
                            "availability_zone": "us-east-1a",
                            "availability_zone_id": "use1-az4",
                            "cidr_block": "192.166.10.0/24",
                            "id": "subnet-00424c09f25a8d544",
                            "ipv6_cidr_block": "",
                            "ipv6_cidr_block_association_id": "",
                            "map_public_ip_on_launch": "true",
                            "owner_id": "487647534392",
                            "tags.%": "1",
                            "tags.Name": "mypubsubnet",
                            "vpc_id": "vpc-0ae904587d84d99a1"
                        },
                        "meta": {
                            "e2bfb730-ecaa-11e6-8f88-34363bc7c4c0": {
                                "create": 600000000000,
                                "delete": 1200000000000
                            },
                            "schema_version": "1"
                        },
                        "tainted": false
                    },
                    "deposed": [],
                    "provider": "provider.aws"
                },
                "aws_vpc.myvpc": {
                    "type": "aws_vpc",
                    "depends_on": [],
                    "primary": {
                        "id": "vpc-0ae904587d84d99a1",
                        "attributes": {
                            "arn": "arn:aws:ec2:us-east-1:487647534392:vpc/vpc-0ae904587d84d99a1",
                            "assign_generated_ipv6_cidr_block": "false",
                            "cidr_block": "192.166.0.0/16",
                            "default_network_acl_id": "acl-0a678b906cfef4abf",
                            "default_route_table_id": "rtb-09d0e1744f5c8f01a",
                            "default_security_group_id": "sg-0b90f7864eaad358e",
                            "dhcp_options_id": "dopt-f6f7358c",
                            "enable_classiclink": "false",
                            "enable_classiclink_dns_support": "false",
                            "enable_dns_hostnames": "true",
                            "enable_dns_support": "true",
                            "id": "vpc-0ae904587d84d99a1",
                            "instance_tenancy": "default",
                            "ipv6_association_id": "",
                            "ipv6_cidr_block": "",
                            "main_route_table_id": "rtb-09d0e1744f5c8f01a",
                            "owner_id": "487647534392",
                            "tags.%": "1",
                            "tags.Name": "myvpc"
                        },
                        "meta": {
                            "schema_version": "1"
                        },
                        "tainted": false
                    },
                    "deposed": [],
                    "provider": "provider.aws"
                }
            },
            "depends_on": []
        }
    ]
}
